// !$*UTF8*$!
{
	archiveVersion = 1;
	classes = {
	};
	objectVersion = 56;
	objects = {

/* Begin PBXBuildFile section */
		D805D21E2BB43ED30029A7E1 /* AppDelegate.swift in Sources */ = {isa = PBXBuildFile; fileRef = D805D21D2BB43ED30029A7E1 /* AppDelegate.swift */; };
		D805D2202BB43ED30029A7E1 /* SceneDelegate.swift in Sources */ = {isa = PBXBuildFile; fileRef = D805D21F2BB43ED30029A7E1 /* SceneDelegate.swift */; };
		D805D2222BB43ED30029A7E1 /* ViewController.swift in Sources */ = {isa = PBXBuildFile; fileRef = D805D2212BB43ED30029A7E1 /* ViewController.swift */; };
		D805D2252BB43ED30029A7E1 /* Base in Resources */ = {isa = PBXBuildFile; fileRef = D805D2242BB43ED30029A7E1 /* Base */; };
		D805D2272BB43EDE0029A7E1 /* Assets.xcassets in Resources */ = {isa = PBXBuildFile; fileRef = D805D2262BB43EDE0029A7E1 /* Assets.xcassets */; };
		D805D22A2BB43EDE0029A7E1 /* Base in Resources */ = {isa = PBXBuildFile; fileRef = D805D2292BB43EDE0029A7E1 /* Base */; };
		D805D2352BB43EDE0029A7E1 /* RecuitmentTestTests.swift in Sources */ = {isa = PBXBuildFile; fileRef = D805D2342BB43EDE0029A7E1 /* RecuitmentTestTests.swift */; };
		D805D23F2BB43EDE0029A7E1 /* RecuitmentTestUITests.swift in Sources */ = {isa = PBXBuildFile; fileRef = D805D23E2BB43EDE0029A7E1 /* RecuitmentTestUITests.swift */; };
		D805D2412BB43EDE0029A7E1 /* RecuitmentTestUITestsLaunchTests.swift in Sources */ = {isa = PBXBuildFile; fileRef = D805D2402BB43EDE0029A7E1 /* RecuitmentTestUITestsLaunchTests.swift */; };
/* End PBXBuildFile section */

/* Begin PBXContainerItemProxy section */
		D805D2312BB43EDE0029A7E1 /* PBXContainerItemProxy */ = {
			isa = PBXContainerItemProxy;
			containerPortal = D805D2122BB43ED30029A7E1 /* Project object */;
			proxyType = 1;
			remoteGlobalIDString = D805D2192BB43ED30029A7E1;
			remoteInfo = RecuitmentTest;
		};
		D805D23B2BB43EDE0029A7E1 /* PBXContainerItemProxy */ = {
			isa = PBXContainerItemProxy;
			containerPortal = D805D2122BB43ED30029A7E1 /* Project object */;
			proxyType = 1;
			remoteGlobalIDString = D805D2192BB43ED30029A7E1;
			remoteInfo = RecuitmentTest;
		};
/* End PBXContainerItemProxy section */

/* Begin PBXFileReference section */
		D805D21A2BB43ED30029A7E1 /* RecuitmentTest.app */ = {isa = PBXFileReference; explicitFileType = wrapper.application; includeInIndex = 0; path = RecuitmentTest.app; sourceTree = BUILT_PRODUCTS_DIR; };
		D805D21D2BB43ED30029A7E1 /* AppDelegate.swift */ = {isa = PBXFileReference; lastKnownFileType = sourcecode.swift; path = AppDelegate.swift; sourceTree = "<group>"; };
		D805D21F2BB43ED30029A7E1 /* SceneDelegate.swift */ = {isa = PBXFileReference; lastKnownFileType = sourcecode.swift; path = SceneDelegate.swift; sourceTree = "<group>"; };
		D805D2212BB43ED30029A7E1 /* ViewController.swift */ = {isa = PBXFileReference; lastKnownFileType = sourcecode.swift; path = ViewController.swift; sourceTree = "<group>"; };
		D805D2242BB43ED30029A7E1 /* Base */ = {isa = PBXFileReference; lastKnownFileType = file.storyboard; name = Base; path = Base.lproj/Main.storyboard; sourceTree = "<group>"; };
		D805D2262BB43EDE0029A7E1 /* Assets.xcassets */ = {isa = PBXFileReference; lastKnownFileType = folder.assetcatalog; path = Assets.xcassets; sourceTree = "<group>"; };
		D805D2292BB43EDE0029A7E1 /* Base */ = {isa = PBXFileReference; lastKnownFileType = file.storyboard; name = Base; path = Base.lproj/LaunchScreen.storyboard; sourceTree = "<group>"; };
		D805D22B2BB43EDE0029A7E1 /* Info.plist */ = {isa = PBXFileReference; lastKnownFileType = text.plist.xml; path = Info.plist; sourceTree = "<group>"; };
		D805D2302BB43EDE0029A7E1 /* RecuitmentTestTests.xctest */ = {isa = PBXFileReference; explicitFileType = wrapper.cfbundle; includeInIndex = 0; path = RecuitmentTestTests.xctest; sourceTree = BUILT_PRODUCTS_DIR; };
		D805D2342BB43EDE0029A7E1 /* RecuitmentTestTests.swift */ = {isa = PBXFileReference; lastKnownFileType = sourcecode.swift; path = RecuitmentTestTests.swift; sourceTree = "<group>"; };
		D805D23A2BB43EDE0029A7E1 /* RecuitmentTestUITests.xctest */ = {isa = PBXFileReference; explicitFileType = wrapper.cfbundle; includeInIndex = 0; path = RecuitmentTestUITests.xctest; sourceTree = BUILT_PRODUCTS_DIR; };
		D805D23E2BB43EDE0029A7E1 /* RecuitmentTestUITests.swift */ = {isa = PBXFileReference; lastKnownFileType = sourcecode.swift; path = RecuitmentTestUITests.swift; sourceTree = "<group>"; };
		D805D2402BB43EDE0029A7E1 /* RecuitmentTestUITestsLaunchTests.swift */ = {isa = PBXFileReference; lastKnownFileType = sourcecode.swift; path = RecuitmentTestUITestsLaunchTests.swift; sourceTree = "<group>"; };
/* End PBXFileReference section */

/* Begin PBXFrameworksBuildPhase section */
		D805D2172BB43ED30029A7E1 /* Frameworks */ = {
			isa = PBXFrameworksBuildPhase;
			buildActionMask = 2147483647;
			files = (
			);
			runOnlyForDeploymentPostprocessing = 0;
		};
		D805D22D2BB43EDE0029A7E1 /* Frameworks */ = {
			isa = PBXFrameworksBuildPhase;
			buildActionMask = 2147483647;
			files = (
			);
			runOnlyForDeploymentPostprocessing = 0;
		};
		D805D2372BB43EDE0029A7E1 /* Frameworks */ = {
			isa = PBXFrameworksBuildPhase;
			buildActionMask = 2147483647;
			files = (
			);
			runOnlyForDeploymentPostprocessing = 0;
		};
/* End PBXFrameworksBuildPhase section */

/* Begin PBXGroup section */
		D805D2112BB43ED30029A7E1 = {
			isa = PBXGroup;
			children = (
				D805D21C2BB43ED30029A7E1 /* RecuitmentTest */,
				D805D2332BB43EDE0029A7E1 /* RecuitmentTestTests */,
				D805D23D2BB43EDE0029A7E1 /* RecuitmentTestUITests */,
				D805D21B2BB43ED30029A7E1 /* Products */,
			);
			sourceTree = "<group>";
		};
		D805D21B2BB43ED30029A7E1 /* Products */ = {
			isa = PBXGroup;
			children = (
				D805D21A2BB43ED30029A7E1 /* RecuitmentTest.app */,
				D805D2302BB43EDE0029A7E1 /* RecuitmentTestTests.xctest */,
				D805D23A2BB43EDE0029A7E1 /* RecuitmentTestUITests.xctest */,
			);
			name = Products;
			sourceTree = "<group>";
		};
		D805D21C2BB43ED30029A7E1 /* RecuitmentTest */ = {
			isa = PBXGroup;
			children = (
				D805D21D2BB43ED30029A7E1 /* AppDelegate.swift */,
				D805D21F2BB43ED30029A7E1 /* SceneDelegate.swift */,
				D805D2212BB43ED30029A7E1 /* ViewController.swift */,
				D805D2232BB43ED30029A7E1 /* Main.storyboard */,
				D805D2262BB43EDE0029A7E1 /* Assets.xcassets */,
				D805D2282BB43EDE0029A7E1 /* LaunchScreen.storyboard */,
				D805D22B2BB43EDE0029A7E1 /* Info.plist */,
			);
			path = RecuitmentTest;
			sourceTree = "<group>";
		};
		D805D2332BB43EDE0029A7E1 /* RecuitmentTestTests */ = {
			isa = PBXGroup;
			children = (
				D805D2342BB43EDE0029A7E1 /* RecuitmentTestTests.swift */,
			);
			path = RecuitmentTestTests;
			sourceTree = "<group>";
		};
		D805D23D2BB43EDE0029A7E1 /* RecuitmentTestUITests */ = {
			isa = PBXGroup;
			children = (
				D805D23E2BB43EDE0029A7E1 /* RecuitmentTestUITests.swift */,
				D805D2402BB43EDE0029A7E1 /* RecuitmentTestUITestsLaunchTests.swift */,
			);
			path = RecuitmentTestUITests;
			sourceTree = "<group>";
		};
/* End PBXGroup section */

/* Begin PBXNativeTarget section */
		D805D2192BB43ED30029A7E1 /* RecuitmentTest */ = {
			isa = PBXNativeTarget;
			buildConfigurationList = D805D2442BB43EDE0029A7E1 /* Build configuration list for PBXNativeTarget "RecuitmentTest" */;
			buildPhases = (
				D805D2162BB43ED30029A7E1 /* Sources */,
				D805D2172BB43ED30029A7E1 /* Frameworks */,
				D805D2182BB43ED30029A7E1 /* Resources */,
			);
			buildRules = (
			);
			dependencies = (
			);
			name = RecuitmentTest;
			productName = RecuitmentTest;
			productReference = D805D21A2BB43ED30029A7E1 /* RecuitmentTest.app */;
			productType = "com.apple.product-type.application";
		};
		D805D22F2BB43EDE0029A7E1 /* RecuitmentTestTests */ = {
			isa = PBXNativeTarget;
			buildConfigurationList = D805D2472BB43EDE0029A7E1 /* Build configuration list for PBXNativeTarget "RecuitmentTestTests" */;
			buildPhases = (
				D805D22C2BB43EDE0029A7E1 /* Sources */,
				D805D22D2BB43EDE0029A7E1 /* Frameworks */,
				D805D22E2BB43EDE0029A7E1 /* Resources */,
			);
			buildRules = (
			);
			dependencies = (
				D805D2322BB43EDE0029A7E1 /* PBXTargetDependency */,
			);
			name = RecuitmentTestTests;
			productName = RecuitmentTestTests;
			productReference = D805D2302BB43EDE0029A7E1 /* RecuitmentTestTests.xctest */;
			productType = "com.apple.product-type.bundle.unit-test";
		};
		D805D2392BB43EDE0029A7E1 /* RecuitmentTestUITests */ = {
			isa = PBXNativeTarget;
			buildConfigurationList = D805D24A2BB43EDE0029A7E1 /* Build configuration list for PBXNativeTarget "RecuitmentTestUITests" */;
			buildPhases = (
				D805D2362BB43EDE0029A7E1 /* Sources */,
				D805D2372BB43EDE0029A7E1 /* Frameworks */,
				D805D2382BB43EDE0029A7E1 /* Resources */,
			);
			buildRules = (
			);
			dependencies = (
				D805D23C2BB43EDE0029A7E1 /* PBXTargetDependency */,
			);
			name = RecuitmentTestUITests;
			productName = RecuitmentTestUITests;
			productReference = D805D23A2BB43EDE0029A7E1 /* RecuitmentTestUITests.xctest */;
			productType = "com.apple.product-type.bundle.ui-testing";
		};
/* End PBXNativeTarget section */

/* Begin PBXProject section */
		D805D2122BB43ED30029A7E1 /* Project object */ = {
			isa = PBXProject;
			attributes = {
				BuildIndependentTargetsInParallel = 1;
				LastSwiftUpdateCheck = 1530;
				LastUpgradeCheck = 1530;
				TargetAttributes = {
					D805D2192BB43ED30029A7E1 = {
						CreatedOnToolsVersion = 15.3;
					};
					D805D22F2BB43EDE0029A7E1 = {
						CreatedOnToolsVersion = 15.3;
						TestTargetID = D805D2192BB43ED30029A7E1;
					};
					D805D2392BB43EDE0029A7E1 = {
						CreatedOnToolsVersion = 15.3;
						TestTargetID = D805D2192BB43ED30029A7E1;
					};
				};
			};
			buildConfigurationList = D805D2152BB43ED30029A7E1 /* Build configuration list for PBXProject "RecuitmentTest" */;
			compatibilityVersion = "Xcode 14.0";
			developmentRegion = en;
			hasScannedForEncodings = 0;
			knownRegions = (
				en,
				Base,
			);
			mainGroup = D805D2112BB43ED30029A7E1;
			productRefGroup = D805D21B2BB43ED30029A7E1 /* Products */;
			projectDirPath = "";
			projectRoot = "";
			targets = (
				D805D2192BB43ED30029A7E1 /* RecuitmentTest */,
				D805D22F2BB43EDE0029A7E1 /* RecuitmentTestTests */,
				D805D2392BB43EDE0029A7E1 /* RecuitmentTestUITests */,
			);
		};
/* End PBXProject section */

/* Begin PBXResourcesBuildPhase section */
		D805D2182BB43ED30029A7E1 /* Resources */ = {
			isa = PBXResourcesBuildPhase;
			buildActionMask = 2147483647;
			files = (
				D805D2272BB43EDE0029A7E1 /* Assets.xcassets in Resources */,
				D805D22A2BB43EDE0029A7E1 /* Base in Resources */,
				D805D2252BB43ED30029A7E1 /* Base in Resources */,
			);
			runOnlyForDeploymentPostprocessing = 0;
		};
		D805D22E2BB43EDE0029A7E1 /* Resources */ = {
			isa = PBXResourcesBuildPhase;
			buildActionMask = 2147483647;
			files = (
			);
			runOnlyForDeploymentPostprocessing = 0;
		};
		D805D2382BB43EDE0029A7E1 /* Resources */ = {
			isa = PBXResourcesBuildPhase;
			buildActionMask = 2147483647;
			files = (
			);
			runOnlyForDeploymentPostprocessing = 0;
		};
/* End PBXResourcesBuildPhase section */

/* Begin PBXSourcesBuildPhase section */
		D805D2162BB43ED30029A7E1 /* Sources */ = {
			isa = PBXSourcesBuildPhase;
			buildActionMask = 2147483647;
			files = (
				D805D2222BB43ED30029A7E1 /* ViewController.swift in Sources */,
				D805D21E2BB43ED30029A7E1 /* AppDelegate.swift in Sources */,
				D805D2202BB43ED30029A7E1 /* SceneDelegate.swift in Sources */,
			);
			runOnlyForDeploymentPostprocessing = 0;
		};
		D805D22C2BB43EDE0029A7E1 /* Sources */ = {
			isa = PBXSourcesBuildPhase;
			buildActionMask = 2147483647;
			files = (
				D805D2352BB43EDE0029A7E1 /* RecuitmentTestTests.swift in Sources */,
			);
			runOnlyForDeploymentPostprocessing = 0;
		};
		D805D2362BB43EDE0029A7E1 /* Sources */ = {
			isa = PBXSourcesBuildPhase;
			buildActionMask = 2147483647;
			files = (
				D805D2412BB43EDE0029A7E1 /* RecuitmentTestUITestsLaunchTests.swift in Sources */,
				D805D23F2BB43EDE0029A7E1 /* RecuitmentTestUITests.swift in Sources */,
			);
			runOnlyForDeploymentPostprocessing = 0;
		};
/* End PBXSourcesBuildPhase section */

/* Begin PBXTargetDependency section */
		D805D2322BB43EDE0029A7E1 /* PBXTargetDependency */ = {
			isa = PBXTargetDependency;
			target = D805D2192BB43ED30029A7E1 /* RecuitmentTest */;
			targetProxy = D805D2312BB43EDE0029A7E1 /* PBXContainerItemProxy */;
		};
		D805D23C2BB43EDE0029A7E1 /* PBXTargetDependency */ = {
			isa = PBXTargetDependency;
			target = D805D2192BB43ED30029A7E1 /* RecuitmentTest */;
			targetProxy = D805D23B2BB43EDE0029A7E1 /* PBXContainerItemProxy */;
		};
/* End PBXTargetDependency section */

/* Begin PBXVariantGroup section */
		D805D2232BB43ED30029A7E1 /* Main.storyboard */ = {
			isa = PBXVariantGroup;
			children = (
				D805D2242BB43ED30029A7E1 /* Base */,
			);
			name = Main.storyboard;
			sourceTree = "<group>";
		};
		D805D2282BB43EDE0029A7E1 /* LaunchScreen.storyboard */ = {
			isa = PBXVariantGroup;
			children = (
				D805D2292BB43EDE0029A7E1 /* Base */,
			);
			name = LaunchScreen.storyboard;
			sourceTree = "<group>";
		};
/* End PBXVariantGroup section */

/* Begin XCBuildConfiguration section */
		D805D2422BB43EDE0029A7E1 /* Debug */ = {
			isa = XCBuildConfiguration;
			buildSettings = {
				ALWAYS_SEARCH_USER_PATHS = NO;
				ASSETCATALOG_COMPILER_GENERATE_SWIFT_ASSET_SYMBOL_EXTENSIONS = YES;
				CLANG_ANALYZER_NONNULL = YES;
				CLANG_ANALYZER_NUMBER_OBJECT_CONVERSION = YES_AGGRESSIVE;
				CLANG_CXX_LANGUAGE_STANDARD = "gnu++20";
				CLANG_ENABLE_MODULES = YES;
				CLANG_ENABLE_OBJC_ARC = YES;
				CLANG_ENABLE_OBJC_WEAK = YES;
				CLANG_WARN_BLOCK_CAPTURE_AUTORELEASING = YES;
				CLANG_WARN_BOOL_CONVERSION = YES;
				CLANG_WARN_COMMA = YES;
				CLANG_WARN_CONSTANT_CONVERSION = YES;
				CLANG_WARN_DEPRECATED_OBJC_IMPLEMENTATIONS = YES;
				CLANG_WARN_DIRECT_OBJC_ISA_USAGE = YES_ERROR;
				CLANG_WARN_DOCUMENTATION_COMMENTS = YES;
				CLANG_WARN_EMPTY_BODY = YES;
				CLANG_WARN_ENUM_CONVERSION = YES;
				CLANG_WARN_INFINITE_RECURSION = YES;
				CLANG_WARN_INT_CONVERSION = YES;
				CLANG_WARN_NON_LITERAL_NULL_CONVERSION = YES;
				CLANG_WARN_OBJC_IMPLICIT_RETAIN_SELF = YES;
				CLANG_WARN_OBJC_LITERAL_CONVERSION = YES;
				CLANG_WARN_OBJC_ROOT_CLASS = YES_ERROR;
				CLANG_WARN_QUOTED_INCLUDE_IN_FRAMEWORK_HEADER = YES;
				CLANG_WARN_RANGE_LOOP_ANALYSIS = YES;
				CLANG_WARN_STRICT_PROTOTYPES = YES;
				CLANG_WARN_SUSPICIOUS_MOVE = YES;
				CLANG_WARN_UNGUARDED_AVAILABILITY = YES_AGGRESSIVE;
				CLANG_WARN_UNREACHABLE_CODE = YES;
				CLANG_WARN__DUPLICATE_METHOD_MATCH = YES;
				COPY_PHASE_STRIP = NO;
				DEBUG_INFORMATION_FORMAT = dwarf;
				ENABLE_STRICT_OBJC_MSGSEND = YES;
				ENABLE_TESTABILITY = YES;
				ENABLE_USER_SCRIPT_SANDBOXING = YES;
				GCC_C_LANGUAGE_STANDARD = gnu17;
				GCC_DYNAMIC_NO_PIC = NO;
				GCC_NO_COMMON_BLOCKS = YES;
				GCC_OPTIMIZATION_LEVEL = 0;
				GCC_PREPROCESSOR_DEFINITIONS = (
					"DEBUG=1",
					"$(inherited)",
				);
				GCC_WARN_64_TO_32_BIT_CONVERSION = YES;
				GCC_WARN_ABOUT_RETURN_TYPE = YES_ERROR;
				GCC_WARN_UNDECLARED_SELECTOR = YES;
				GCC_WARN_UNINITIALIZED_AUTOS = YES_AGGRESSIVE;
				GCC_WARN_UNUSED_FUNCTION = YES;
				GCC_WARN_UNUSED_VARIABLE = YES;
				IPHONEOS_DEPLOYMENT_TARGET = 17.4;
				LOCALIZATION_PREFERS_STRING_CATALOGS = YES;
				MTL_ENABLE_DEBUG_INFO = INCLUDE_SOURCE;
				MTL_FAST_MATH = YES;
				ONLY_ACTIVE_ARCH = YES;
				SDKROOT = iphoneos;
				SWIFT_ACTIVE_COMPILATION_CONDITIONS = "DEBUG $(inherited)";
				SWIFT_OPTIMIZATION_LEVEL = "-Onone";
			};
			name = Debug;
		};
		D805D2432BB43EDE0029A7E1 /* Release */ = {
			isa = XCBuildConfiguration;
			buildSettings = {
				ALWAYS_SEARCH_USER_PATHS = NO;
				ASSETCATALOG_COMPILER_GENERATE_SWIFT_ASSET_SYMBOL_EXTENSIONS = YES;
				CLANG_ANALYZER_NONNULL = YES;
				CLANG_ANALYZER_NUMBER_OBJECT_CONVERSION = YES_AGGRESSIVE;
				CLANG_CXX_LANGUAGE_STANDARD = "gnu++20";
				CLANG_ENABLE_MODULES = YES;
				CLANG_ENABLE_OBJC_ARC = YES;
				CLANG_ENABLE_OBJC_WEAK = YES;
				CLANG_WARN_BLOCK_CAPTURE_AUTORELEASING = YES;
				CLANG_WARN_BOOL_CONVERSION = YES;
				CLANG_WARN_COMMA = YES;
				CLANG_WARN_CONSTANT_CONVERSION = YES;
				CLANG_WARN_DEPRECATED_OBJC_IMPLEMENTATIONS = YES;
				CLANG_WARN_DIRECT_OBJC_ISA_USAGE = YES_ERROR;
				CLANG_WARN_DOCUMENTATION_COMMENTS = YES;
				CLANG_WARN_EMPTY_BODY = YES;
				CLANG_WARN_ENUM_CONVERSION = YES;
				CLANG_WARN_INFINITE_RECURSION = YES;
				CLANG_WARN_INT_CONVERSION = YES;
				CLANG_WARN_NON_LITERAL_NULL_CONVERSION = YES;
				CLANG_WARN_OBJC_IMPLICIT_RETAIN_SELF = YES;
				CLANG_WARN_OBJC_LITERAL_CONVERSION = YES;
				CLANG_WARN_OBJC_ROOT_CLASS = YES_ERROR;
				CLANG_WARN_QUOTED_INCLUDE_IN_FRAMEWORK_HEADER = YES;
				CLANG_WARN_RANGE_LOOP_ANALYSIS = YES;
				CLANG_WARN_STRICT_PROTOTYPES = YES;
				CLANG_WARN_SUSPICIOUS_MOVE = YES;
				CLANG_WARN_UNGUARDED_AVAILABILITY = YES_AGGRESSIVE;
				CLANG_WARN_UNREACHABLE_CODE = YES;
				CLANG_WARN__DUPLICATE_METHOD_MATCH = YES;
				COPY_PHASE_STRIP = NO;
				DEBUG_INFORMATION_FORMAT = "dwarf-with-dsym";
				ENABLE_NS_ASSERTIONS = NO;
				ENABLE_STRICT_OBJC_MSGSEND = YES;
				ENABLE_USER_SCRIPT_SANDBOXING = YES;
				GCC_C_LANGUAGE_STANDARD = gnu17;
				GCC_NO_COMMON_BLOCKS = YES;
				GCC_WARN_64_TO_32_BIT_CONVERSION = YES;
				GCC_WARN_ABOUT_RETURN_TYPE = YES_ERROR;
				GCC_WARN_UNDECLARED_SELECTOR = YES;
				GCC_WARN_UNINITIALIZED_AUTOS = YES_AGGRESSIVE;
				GCC_WARN_UNUSED_FUNCTION = YES;
				GCC_WARN_UNUSED_VARIABLE = YES;
				IPHONEOS_DEPLOYMENT_TARGET = 17.4;
				LOCALIZATION_PREFERS_STRING_CATALOGS = YES;
				MTL_ENABLE_DEBUG_INFO = NO;
				MTL_FAST_MATH = YES;
				SDKROOT = iphoneos;
				SWIFT_COMPILATION_MODE = wholemodule;
				VALIDATE_PRODUCT = YES;
			};
			name = Release;
		};
		D805D2452BB43EDE0029A7E1 /* Debug */ = {
			isa = XCBuildConfiguration;
			buildSettings = {
				ASSETCATALOG_COMPILER_APPICON_NAME = AppIcon;
				ASSETCATALOG_COMPILER_GLOBAL_ACCENT_COLOR_NAME = AccentColor;
				CODE_SIGN_STYLE = Automatic;
				CURRENT_PROJECT_VERSION = 1;
				DEVELOPMENT_TEAM = 9H8ZKAMVN8;
				GENERATE_INFOPLIST_FILE = YES;
				INFOPLIST_FILE = RecuitmentTest/Info.plist;
				INFOPLIST_KEY_UIApplicationSupportsIndirectInputEvents = YES;
				INFOPLIST_KEY_UILaunchStoryboardName = LaunchScreen;
				INFOPLIST_KEY_UIMainStoryboardFile = Main;
				INFOPLIST_KEY_UISupportedInterfaceOrientations_iPad = "UIInterfaceOrientationPortrait UIInterfaceOrientationPortraitUpsideDown UIInterfaceOrientationLandscapeLeft UIInterfaceOrientationLandscapeRight";
				INFOPLIST_KEY_UISupportedInterfaceOrientations_iPhone = "UIInterfaceOrientationPortrait UIInterfaceOrientationLandscapeLeft UIInterfaceOrientationLandscapeRight";
				LD_RUNPATH_SEARCH_PATHS = (
					"$(inherited)",
					"@executable_path/Frameworks",
				);
				MARKETING_VERSION = 1.0;
				PRODUCT_BUNDLE_IDENTIFIER = dev.app.RecuitmentTest;
				PRODUCT_NAME = "$(TARGET_NAME)";
				SWIFT_EMIT_LOC_STRINGS = YES;
				SWIFT_VERSION = 5.0;
				TARGETED_DEVICE_FAMILY = "1,2";
			};
			name = Debug;
		};
		D805D2462BB43EDE0029A7E1 /* Release */ = {
			isa = XCBuildConfiguration;
			buildSettings = {
				ASSETCATALOG_COMPILER_APPICON_NAME = AppIcon;
				ASSETCATALOG_COMPILER_GLOBAL_ACCENT_COLOR_NAME = AccentColor;
				CODE_SIGN_STYLE = Automatic;
				CURRENT_PROJECT_VERSION = 1;
				DEVELOPMENT_TEAM = 9H8ZKAMVN8;
				GENERATE_INFOPLIST_FILE = YES;
				INFOPLIST_FILE = RecuitmentTest/Info.plist;
				INFOPLIST_KEY_UIApplicationSupportsIndirectInputEvents = YES;
				INFOPLIST_KEY_UILaunchStoryboardName = LaunchScreen;
				INFOPLIST_KEY_UIMainStoryboardFile = Main;
				INFOPLIST_KEY_UISupportedInterfaceOrientations_iPad = "UIInterfaceOrientationPortrait UIInterfaceOrientationPortraitUpsideDown UIInterfaceOrientationLandscapeLeft UIInterfaceOrientationLandscapeRight";
				INFOPLIST_KEY_UISupportedInterfaceOrientations_iPhone = "UIInterfaceOrientationPortrait UIInterfaceOrientationLandscapeLeft UIInterfaceOrientationLandscapeRight";
				LD_RUNPATH_SEARCH_PATHS = (
					"$(inherited)",
					"@executable_path/Frameworks",
				);
				MARKETING_VERSION = 1.0;
				PRODUCT_BUNDLE_IDENTIFIER = dev.app.RecuitmentTest;
				PRODUCT_NAME = "$(TARGET_NAME)";
				SWIFT_EMIT_LOC_STRINGS = YES;
				SWIFT_VERSION = 5.0;
				TARGETED_DEVICE_FAMILY = "1,2";
			};
			name = Release;
		};
		D805D2482BB43EDE0029A7E1 /* Debug */ = {
			isa = XCBuildConfiguration;
			buildSettings = {
				ALWAYS_EMBED_SWIFT_STANDARD_LIBRARIES = YES;
				BUNDLE_LOADER = "$(TEST_HOST)";
				CODE_SIGN_STYLE = Automatic;
				CURRENT_PROJECT_VERSION = 1;
				DEVELOPMENT_TEAM = 9H8ZKAMVN8;
				GENERATE_INFOPLIST_FILE = YES;
				IPHONEOS_DEPLOYMENT_TARGET = 17.4;
				MARKETING_VERSION = 1.0;
				PRODUCT_BUNDLE_IDENTIFIER = dev.app.RecuitmentTestTests;
				PRODUCT_NAME = "$(TARGET_NAME)";
				SWIFT_EMIT_LOC_STRINGS = NO;
				SWIFT_VERSION = 5.0;
				TARGETED_DEVICE_FAMILY = "1,2";
				TEST_HOST = "$(BUILT_PRODUCTS_DIR)/RecuitmentTest.app/$(BUNDLE_EXECUTABLE_FOLDER_PATH)/RecuitmentTest";
			};
			name = Debug;
		};
		D805D2492BB43EDE0029A7E1 /* Release */ = {
			isa = XCBuildConfiguration;
			buildSettings = {
				ALWAYS_EMBED_SWIFT_STANDARD_LIBRARIES = YES;
				BUNDLE_LOADER = "$(TEST_HOST)";
				CODE_SIGN_STYLE = Automatic;
				CURRENT_PROJECT_VERSION = 1;
				DEVELOPMENT_TEAM = 9H8ZKAMVN8;
				GENERATE_INFOPLIST_FILE = YES;
				IPHONEOS_DEPLOYMENT_TARGET = 17.4;
				MARKETING_VERSION = 1.0;
				PRODUCT_BUNDLE_IDENTIFIER = dev.app.RecuitmentTestTests;
				PRODUCT_NAME = "$(TARGET_NAME)";
				SWIFT_EMIT_LOC_STRINGS = NO;
				SWIFT_VERSION = 5.0;
				TARGETED_DEVICE_FAMILY = "1,2";
				TEST_HOST = "$(BUILT_PRODUCTS_DIR)/RecuitmentTest.app/$(BUNDLE_EXECUTABLE_FOLDER_PATH)/RecuitmentTest";
			};
			name = Release;
		};
		D805D24B2BB43EDE0029A7E1 /* Debug */ = {
			isa = XCBuildConfiguration;
			buildSettings = {
				ALWAYS_EMBED_SWIFT_STANDARD_LIBRARIES = YES;
				CODE_SIGN_STYLE = Automatic;
				CURRENT_PROJECT_VERSION = 1;
				DEVELOPMENT_TEAM = 9H8ZKAMVN8;
				GENERATE_INFOPLIST_FILE = YES;
				MARKETING_VERSION = 1.0;
				PRODUCT_BUNDLE_IDENTIFIER = dev.app.RecuitmentTestUITests;
				PRODUCT_NAME = "$(TARGET_NAME)";
				SWIFT_EMIT_LOC_STRINGS = NO;
				SWIFT_VERSION = 5.0;
				TARGETED_DEVICE_FAMILY = "1,2";
				TEST_TARGET_NAME = RecuitmentTest;
			};
			name = Debug;
		};
		D805D24C2BB43EDE0029A7E1 /* Release */ = {
			isa = XCBuildConfiguration;
			buildSettings = {
				ALWAYS_EMBED_SWIFT_STANDARD_LIBRARIES = YES;
				CODE_SIGN_STYLE = Automatic;
				CURRENT_PROJECT_VERSION = 1;
				DEVELOPMENT_TEAM = 9H8ZKAMVN8;
				GENERATE_INFOPLIST_FILE = YES;
				MARKETING_VERSION = 1.0;
				PRODUCT_BUNDLE_IDENTIFIER = dev.app.RecuitmentTestUITests;
				PRODUCT_NAME = "$(TARGET_NAME)";
				SWIFT_EMIT_LOC_STRINGS = NO;
				SWIFT_VERSION = 5.0;
				TARGETED_DEVICE_FAMILY = "1,2";
				TEST_TARGET_NAME = RecuitmentTest;
			};
			name = Release;
		};
/* End XCBuildConfiguration section */

/* Begin XCConfigurationList section */
		D805D2152BB43ED30029A7E1 /* Build configuration list for PBXProject "RecuitmentTest" */ = {
			isa = XCConfigurationList;
			buildConfigurations = (
				D805D2422BB43EDE0029A7E1 /* Debug */,
				D805D2432BB43EDE0029A7E1 /* Release */,
			);
			defaultConfigurationIsVisible = 0;
			defaultConfigurationName = Release;
		};
		D805D2442BB43EDE0029A7E1 /* Build configuration list for PBXNativeTarget "RecuitmentTest" */ = {
			isa = XCConfigurationList;
			buildConfigurations = (
				D805D2452BB43EDE0029A7E1 /* Debug */,
				D805D2462BB43EDE0029A7E1 /* Release */,
			);
			defaultConfigurationIsVisible = 0;
			defaultConfigurationName = Release;
		};
		D805D2472BB43EDE0029A7E1 /* Build configuration list for PBXNativeTarget "RecuitmentTestTests" */ = {
			isa = XCConfigurationList;
			buildConfigurations = (
				D805D2482BB43EDE0029A7E1 /* Debug */,
				D805D2492BB43EDE0029A7E1 /* Release */,
			);
			defaultConfigurationIsVisible = 0;
			defaultConfigurationName = Release;
		};
		D805D24A2BB43EDE0029A7E1 /* Build configuration list for PBXNativeTarget "RecuitmentTestUITests" */ = {
			isa = XCConfigurationList;
			buildConfigurations = (
				D805D24B2BB43EDE0029A7E1 /* Debug */,
				D805D24C2BB43EDE0029A7E1 /* Release */,
			);
			defaultConfigurationIsVisible = 0;
			defaultConfigurationName = Release;
		};
/* End XCConfigurationList section */
	};
	rootObject = D805D2122BB43ED30029A7E1 /* Project object */;
}
